
Microsoft Visual Studio Solution File, Format Version 12.00
# Visual Studio Version 17
VisualStudioVersion = 17.11.35222.181
MinimumVisualStudioVersion = 10.0.40219.1
Project("{FAE04EC0-301F-11D3-BF4B-00C04F79EFBC}") = "SkillBallBingo", "SkillBallBingo\SkillBallBingo.csproj", "{A8EB0F92-9539-438B-88DD-73609B04EBB3}"
EndProject
Global
	GlobalSection(SolutionConfigurationPlatforms) = preSolution
		Debug|Any CPU = Debug|Any CPU
		Release|Any CPU = Release|Any CPU
	EndGlobalSection
	GlobalSection(ProjectConfigurationPlatforms) = postSolution
		{A8EB0F92-9539-438B-88DD-73609B04EBB3}.Debug|Any CPU.ActiveCfg = Debug|Any CPU
		{A8EB0F92-9539-438B-88DD-73609B04EBB3}.Debug|Any CPU.Build.0 = Debug|Any CPU
		{A8EB0F92-9539-438B-88DD-73609B04EBB3}.Release|Any CPU.ActiveCfg = Release|Any CPU
		{A8EB0F92-9539-438B-88DD-73609B04EBB3}.Release|Any CPU.Build.0 = Release|Any CPU
	EndGlobalSection
	GlobalSection(SolutionProperties) = preSolution
		HideSolutionNode = FALSE
	EndGlobalSection
	GlobalSection(ExtensibilityGlobals) = postSolution
		SolutionGuid = {0362DA3B-31E1-450A-8969-17F664343F81}
	EndGlobalSection
EndGlobal
